
Microsoft Visual Studio Solution File, Format Version 12.00
# Visual Studio Version 17
VisualStudioVersion = 17.13.35931.197 d17.13
MinimumVisualStudioVersion = 10.0.40219.1
Project("{FAE04EC0-301F-11D3-BF4B-00C04F79EFBC}") = "SplashKitDemo", "SplashKitDemo.csproj", "{0F498EAD-7B7A-C2D9-08FA-328A3C9E303D}"
EndProject
Global
	GlobalSection(SolutionConfigurationPlatforms) = preSolution
		Debug|Any CPU = Debug|Any CPU
		Release|Any CPU = Release|Any CPU
	EndGlobalSection
	GlobalSection(ProjectConfigurationPlatforms) = postSolution
		{0F498EAD-7B7A-C2D9-08FA-328A3C9E303D}.Debug|Any CPU.ActiveCfg = Debug|Any CPU
		{0F498EAD-7B7A-C2D9-08FA-328A3C9E303D}.Debug|Any CPU.Build.0 = Debug|Any CPU
		{0F498EAD-7B7A-C2D9-08FA-328A3C9E303D}.Release|Any CPU.ActiveCfg = Release|Any CPU
		{0F498EAD-7B7A-C2D9-08FA-328A3C9E303D}.Release|Any CPU.Build.0 = Release|Any CPU
	EndGlobalSection
	GlobalSection(SolutionProperties) = preSolution
		HideSolutionNode = FALSE
	EndGlobalSection
	GlobalSection(ExtensibilityGlobals) = postSolution
		SolutionGuid = {C07ABC3B-44BC-47CF-AA19-20B04B073FA4}
	EndGlobalSection
EndGlobal
