
Microsoft Visual Studio Solution File, Format Version 12.00
# Visual Studio Version 17
VisualStudioVersion = 17.14.36127.28 d17.14
MinimumVisualStudioVersion = 10.0.40219.1
Project("{FAE04EC0-301F-11D3-BF4B-00C04F79EFBC}") = "DrawMultipleShapes", "DrawMultipleShapes.csproj", "{597D01C5-9C98-F9C2-DBC2-BFFC482C7288}"
EndProject
Global
	GlobalSection(SolutionConfigurationPlatforms) = preSolution
		Debug|Any CPU = Debug|Any CPU
		Release|Any CPU = Release|Any CPU
	EndGlobalSection
	GlobalSection(ProjectConfigurationPlatforms) = postSolution
		{597D01C5-9C98-F9C2-DBC2-BFFC482C7288}.Debug|Any CPU.ActiveCfg = Debug|Any CPU
		{597D01C5-9C98-F9C2-DBC2-BFFC482C7288}.Debug|Any CPU.Build.0 = Debug|Any CPU
		{597D01C5-9C98-F9C2-DBC2-BFFC482C7288}.Release|Any CPU.ActiveCfg = Release|Any CPU
		{597D01C5-9C98-F9C2-DBC2-BFFC482C7288}.Release|Any CPU.Build.0 = Release|Any CPU
	EndGlobalSection
	GlobalSection(SolutionProperties) = preSolution
		HideSolutionNode = FALSE
	EndGlobalSection
	GlobalSection(ExtensibilityGlobals) = postSolution
		SolutionGuid = {D07BE382-C383-4ECB-8B9F-6A6EB15025D1}
	EndGlobalSection
EndGlobal
